
Microsoft Visual Studio Solution File, Format Version 12.00
# Visual Studio Version 16
VisualStudioVersion = 16.0.30907.101
MinimumVisualStudioVersion = 10.0.40219.1
Project("{FAE04EC0-301F-11D3-BF4B-00C04F79EFBC}") = "WebScraping Search", "WebScraping Search\WebScraping Search.csproj", "{D4037EFC-715C-40D4-8AA6-2BA3899F8A9D}"
EndProject
Global
	GlobalSection(SolutionConfigurationPlatforms) = preSolution
		Debug|Any CPU = Debug|Any CPU
		Release|Any CPU = Release|Any CPU
	EndGlobalSection
	GlobalSection(ProjectConfigurationPlatforms) = postSolution
		{D4037EFC-715C-40D4-8AA6-2BA3899F8A9D}.Debug|Any CPU.ActiveCfg = Debug|Any CPU
		{D4037EFC-715C-40D4-8AA6-2BA3899F8A9D}.Debug|Any CPU.Build.0 = Debug|Any CPU
		{D4037EFC-715C-40D4-8AA6-2BA3899F8A9D}.Release|Any CPU.ActiveCfg = Release|Any CPU
		{D4037EFC-715C-40D4-8AA6-2BA3899F8A9D}.Release|Any CPU.Build.0 = Release|Any CPU
	EndGlobalSection
	GlobalSection(SolutionProperties) = preSolution
		HideSolutionNode = FALSE
	EndGlobalSection
	GlobalSection(ExtensibilityGlobals) = postSolution
		SolutionGuid = {B0D1029E-2C99-4DBB-939A-21E32598286A}
	EndGlobalSection
EndGlobal
